
Microsoft Visual Studio Solution File, Format Version 12.00
# Visual Studio 14
VisualStudioVersion = 14.0.25420.1
MinimumVisualStudioVersion = 10.0.40219.1
Project("{FAE04EC0-301F-11D3-BF4B-00C04F79EFBC}") = "MOBYNew", "MOBYNew\MOBYNew.csproj", "{7A1C0055-7F8C-442A-9021-C0DFDF8787AB}"
EndProject
Global
	GlobalSection(SolutionConfigurationPlatforms) = preSolution
		Debug|Any CPU = Debug|Any CPU
		Release|Any CPU = Release|Any CPU
	EndGlobalSection
	GlobalSection(ProjectConfigurationPlatforms) = postSolution
		{7A1C0055-7F8C-442A-9021-C0DFDF8787AB}.Debug|Any CPU.ActiveCfg = Debug|Any CPU
		{7A1C0055-7F8C-442A-9021-C0DFDF8787AB}.Debug|Any CPU.Build.0 = Debug|Any CPU
		{7A1C0055-7F8C-442A-9021-C0DFDF8787AB}.Release|Any CPU.ActiveCfg = Release|Any CPU
		{7A1C0055-7F8C-442A-9021-C0DFDF8787AB}.Release|Any CPU.Build.0 = Release|Any CPU
	EndGlobalSection
	GlobalSection(SolutionProperties) = preSolution
		HideSolutionNode = FALSE
	EndGlobalSection
EndGlobal
